{
  "version": 4,
  "terraform_version": "1.1.6",
  "serial": 35,
  "lineage": "b20727e2-e595-576c-8189-a284603b0c72",
  "outputs": {
    "s3_bucket_name": {
      "value": "my-s3bucket-20220408082226029600000001",
      "type": "string"
    },
    "s3_bucket_region": {
      "value": "us-east-1",
      "type": "string"
    }
  },
  "resources": [
    {
      "mode": "managed",
      "type": "aws_s3_bucket",
      "name": "my-s3-bucket-dev",
      "provider": "provider[\"registry.terraform.io/hashicorp/aws\"]",
      "instances": [
        {
          "schema_version": 0,
          "attributes": {
            "acceleration_status": "",
            "acl": "private",
            "arn": "arn:aws:s3:::my-s3bucket-20220408082226029600000001",
            "bucket": "my-s3bucket-20220408082226029600000001",
            "bucket_domain_name": "my-s3bucket-20220408082226029600000001.s3.amazonaws.com",
            "bucket_prefix": "my-s3bucket-",
            "bucket_regional_domain_name": "my-s3bucket-20220408082226029600000001.s3.amazonaws.com",
            "cors_rule": [],
            "force_destroy": false,
            "grant": [],
            "hosted_zone_id": "Z3AQBSTGFYJSTF",
            "id": "my-s3bucket-20220408082226029600000001",
            "lifecycle_rule": [],
            "logging": [],
            "object_lock_configuration": [],
            "policy": "",
            "region": "us-east-1",
            "replication_configuration": [],
            "request_payer": "BucketOwner",
            "server_side_encryption_configuration": [],
            "tags": {
              "environment": "DEV",
              "terraform": "true"
            },
            "tags_all": {
              "environment": "DEV",
              "terraform": "true"
            },
            "versioning": [
              {
                "enabled": false,
                "mfa_delete": false
              }
            ],
            "website": [],
            "website_domain": null,
            "website_endpoint": null
          },
          "sensitive_attributes": [],
          "private": "bnVsbA=="
        }
      ]
    }
  ]
}
